
Microsoft Visual Studio Solution File, Format Version 12.00
# Visual Studio 14
VisualStudioVersion = 14.0.25123.0
MinimumVisualStudioVersion = 10.0.40219.1
Project("{F2A71F9B-5D33-465A-A702-920D77279786}") = "App", "App\App.fsproj", "{895ACC5F-5CDE-48EA-BF2A-C988506E7DA4}"
EndProject
Project("{FAE04EC0-301F-11D3-BF4B-00C04F79EFBC}") = "Widgets", "Widgets\Widgets.csproj", "{258D6E94-185B-487F-B9E2-70F45E7ECBAD}"
EndProject
Project("{FAE04EC0-301F-11D3-BF4B-00C04F79EFBC}") = "MyWinForms", "MyWinForms\MyWinForms.csproj", "{E305A89A-00AD-47F8-AC0E-95431A94BD37}"
EndProject
Project("{FAE04EC0-301F-11D3-BF4B-00C04F79EFBC}") = "NumericMethod", "NumericMethod\NumericMethod.csproj", "{E482AFD5-9FB2-4D1C-A54F-64F797C198CD}"
EndProject
Global
	GlobalSection(SolutionConfigurationPlatforms) = preSolution
		Debug|Any CPU = Debug|Any CPU
		Release|Any CPU = Release|Any CPU
	EndGlobalSection
	GlobalSection(ProjectConfigurationPlatforms) = postSolution
		{895ACC5F-5CDE-48EA-BF2A-C988506E7DA4}.Debug|Any CPU.ActiveCfg = Debug|Any CPU
		{895ACC5F-5CDE-48EA-BF2A-C988506E7DA4}.Debug|Any CPU.Build.0 = Debug|Any CPU
		{895ACC5F-5CDE-48EA-BF2A-C988506E7DA4}.Release|Any CPU.ActiveCfg = Release|Any CPU
		{895ACC5F-5CDE-48EA-BF2A-C988506E7DA4}.Release|Any CPU.Build.0 = Release|Any CPU
		{258D6E94-185B-487F-B9E2-70F45E7ECBAD}.Debug|Any CPU.ActiveCfg = Debug|Any CPU
		{258D6E94-185B-487F-B9E2-70F45E7ECBAD}.Debug|Any CPU.Build.0 = Debug|Any CPU
		{258D6E94-185B-487F-B9E2-70F45E7ECBAD}.Release|Any CPU.ActiveCfg = Release|Any CPU
		{258D6E94-185B-487F-B9E2-70F45E7ECBAD}.Release|Any CPU.Build.0 = Release|Any CPU
		{E305A89A-00AD-47F8-AC0E-95431A94BD37}.Debug|Any CPU.ActiveCfg = Debug|Any CPU
		{E305A89A-00AD-47F8-AC0E-95431A94BD37}.Debug|Any CPU.Build.0 = Debug|Any CPU
		{E305A89A-00AD-47F8-AC0E-95431A94BD37}.Release|Any CPU.ActiveCfg = Release|Any CPU
		{E305A89A-00AD-47F8-AC0E-95431A94BD37}.Release|Any CPU.Build.0 = Release|Any CPU
		{E482AFD5-9FB2-4D1C-A54F-64F797C198CD}.Debug|Any CPU.ActiveCfg = Debug|Any CPU
		{E482AFD5-9FB2-4D1C-A54F-64F797C198CD}.Debug|Any CPU.Build.0 = Debug|Any CPU
		{E482AFD5-9FB2-4D1C-A54F-64F797C198CD}.Release|Any CPU.ActiveCfg = Release|Any CPU
		{E482AFD5-9FB2-4D1C-A54F-64F797C198CD}.Release|Any CPU.Build.0 = Release|Any CPU
	EndGlobalSection
	GlobalSection(SolutionProperties) = preSolution
		HideSolutionNode = FALSE
	EndGlobalSection
EndGlobal
